{
  "originHash" : "cf31a1c024237a186f96faff8dfa393e374dab8f2032c23a42d17e7c5cc416a6",
  "pins" : [
    {
      "identity" : "anycodableswift",
      "kind" : "remoteSourceControl",
      "location" : "https://github.com/kantagara/AnyCodableSwift.git",
      "state" : {
        "revision" : "9c3b9a88ef24cd37580c1249a30df5940e16d164",
        "version" : "0.7.0"
      }
    },
    {
      "identity" : "bigint",
      "kind" : "remoteSourceControl",
      "location" : "https://github.com/jlalvarez18/BigInt.git",
      "state" : {
        "revision" : "086dd69b92d00ccd15eb207ac064b7d97dcbeeca",
        "version" : "6.0.0"
      }
    },
    {
      "identity" : "solanaweb3",
      "kind" : "remoteSourceControl",
      "location" : "https://github.com/kantagara/SolanaWeb3.git",
      "state" : {
        "revision" : "ee5280dc1b213e4cbf8c79bb6ca2b7f8ca3322cf",
        "version" : "1.0.4"
      }
    }
  ],
  "version" : 3
}
